{
  "nodes": {
    "nixpkgs": {
      "locked": {
        "lastModified": 1772038133,
        "narHash": "sha256-jsH21AMMnxosqJ1NcFBp7skBhjdxOLaivMsZECBpG0c=",
        "owner": "nixos",
        "repo": "nixpkgs",
        "rev": "0cd7045799ff794bc9393c5ef94bda516f6cb0fc",
        "type": "github"
      },
      "original": {
        "owner": "nixos",
        "repo": "nixpkgs",
        "rev": "0cd7045799ff794bc9393c5ef94bda516f6cb0fc",
        "type": "github"
      }
    },
    "root": {
      "inputs": {
        "nixpkgs": "nixpkgs"
      }
    }
  },
  "root": "root",
  "version": 7
}
